
Microsoft Visual Studio Solution File, Format Version 12.00
# Visual Studio 15
VisualStudioVersion = 15.0.26228.12
MinimumVisualStudioVersion = 10.0.40219.1
Project("{FAE04EC0-301F-11D3-BF4B-00C04F79EFBC}") = "TomskNipiNeft.TestTask", "TomskNipiNeft.TestTask\TomskNipiNeft.TestTask.csproj", "{E5D828BB-32A9-4C35-8FE1-BDCE112B69D9}"
EndProject
Project("{2150E333-8FDC-42A3-9474-1A3956D46DE8}") = "DAL", "DAL", "{3E0475A1-F530-427F-B587-D3851EE22674}"
EndProject
Project("{FAE04EC0-301F-11D3-BF4B-00C04F79EFBC}") = "TestTask.DAL", "TestTask.DAL\TestTask.DAL.csproj", "{12A35664-7878-42B5-B1EF-7032D85E9E6D}"
EndProject
Project("{2150E333-8FDC-42A3-9474-1A3956D46DE8}") = "BLL", "BLL", "{5D367683-D576-423B-BFE5-5C8D5489FFC1}"
EndProject
Project("{FAE04EC0-301F-11D3-BF4B-00C04F79EFBC}") = "TestTask.BLL", "TestTask.BLL\TestTask.BLL.csproj", "{AB6564C6-CF10-487B-B11E-867253E21FC5}"
EndProject
Global
	GlobalSection(SolutionConfigurationPlatforms) = preSolution
		Debug|Any CPU = Debug|Any CPU
		Release|Any CPU = Release|Any CPU
	EndGlobalSection
	GlobalSection(ProjectConfigurationPlatforms) = postSolution
		{E5D828BB-32A9-4C35-8FE1-BDCE112B69D9}.Debug|Any CPU.ActiveCfg = Debug|Any CPU
		{E5D828BB-32A9-4C35-8FE1-BDCE112B69D9}.Debug|Any CPU.Build.0 = Debug|Any CPU
		{E5D828BB-32A9-4C35-8FE1-BDCE112B69D9}.Release|Any CPU.ActiveCfg = Release|Any CPU
		{E5D828BB-32A9-4C35-8FE1-BDCE112B69D9}.Release|Any CPU.Build.0 = Release|Any CPU
		{12A35664-7878-42B5-B1EF-7032D85E9E6D}.Debug|Any CPU.ActiveCfg = Debug|Any CPU
		{12A35664-7878-42B5-B1EF-7032D85E9E6D}.Debug|Any CPU.Build.0 = Debug|Any CPU
		{12A35664-7878-42B5-B1EF-7032D85E9E6D}.Release|Any CPU.ActiveCfg = Release|Any CPU
		{12A35664-7878-42B5-B1EF-7032D85E9E6D}.Release|Any CPU.Build.0 = Release|Any CPU
		{AB6564C6-CF10-487B-B11E-867253E21FC5}.Debug|Any CPU.ActiveCfg = Debug|Any CPU
		{AB6564C6-CF10-487B-B11E-867253E21FC5}.Debug|Any CPU.Build.0 = Debug|Any CPU
		{AB6564C6-CF10-487B-B11E-867253E21FC5}.Release|Any CPU.ActiveCfg = Release|Any CPU
		{AB6564C6-CF10-487B-B11E-867253E21FC5}.Release|Any CPU.Build.0 = Release|Any CPU
	EndGlobalSection
	GlobalSection(SolutionProperties) = preSolution
		HideSolutionNode = FALSE
	EndGlobalSection
	GlobalSection(NestedProjects) = preSolution
		{12A35664-7878-42B5-B1EF-7032D85E9E6D} = {3E0475A1-F530-427F-B587-D3851EE22674}
		{AB6564C6-CF10-487B-B11E-867253E21FC5} = {5D367683-D576-423B-BFE5-5C8D5489FFC1}
	EndGlobalSection
	GlobalSection(ExtensibilityGlobals) = postSolution
		SolutionGuid = {62591DFB-5A9A-454D-885F-E76BE7AC9B29}
	EndGlobalSection
EndGlobal
